// !$*UTF8*$!
{
	archiveVersion = 1;
	classes = {
	};
	objectVersion = 56;
	objects = {

/* Begin PBXBuildFile section */
		B90FF5822AE39B0300A57AF4 /* Statistic.swift in Sources */ = {isa = PBXBuildFile; fileRef = B90FF5812AE39B0300A57AF4 /* Statistic.swift */; };
		B90FF5842AE3A0BB00A57AF4 /* StatisticView.swift in Sources */ = {isa = PBXBuildFile; fileRef = B90FF5832AE3A0BB00A57AF4 /* StatisticView.swift */; };
		B90FF5862AE3A39900A57AF4 /* HomeStatsView.swift in Sources */ = {isa = PBXBuildFile; fileRef = B90FF5852AE3A39900A57AF4 /* HomeStatsView.swift */; };
		B913E0C32AAE2312006848F5 /* CryptoApp.swift in Sources */ = {isa = PBXBuildFile; fileRef = B913E0C22AAE2312006848F5 /* CryptoApp.swift */; };
		B913E0C52AAE2312006848F5 /* ContentView.swift in Sources */ = {isa = PBXBuildFile; fileRef = B913E0C42AAE2312006848F5 /* ContentView.swift */; };
		B913E0C72AAE2313006848F5 /* Assets.xcassets in Resources */ = {isa = PBXBuildFile; fileRef = B913E0C62AAE2313006848F5 /* Assets.xcassets */; };
		B913E0CA2AAE2313006848F5 /* Preview Assets.xcassets in Resources */ = {isa = PBXBuildFile; fileRef = B913E0C92AAE2313006848F5 /* Preview Assets.xcassets */; };
		B913E0D22AAE254E006848F5 /* Color.swift in Sources */ = {isa = PBXBuildFile; fileRef = B913E0D12AAE254E006848F5 /* Color.swift */; };
		B913E0D82AAEDA48006848F5 /* HomeView.swift in Sources */ = {isa = PBXBuildFile; fileRef = B913E0D72AAEDA48006848F5 /* HomeView.swift */; };
		B913E0DC2AAEDCEE006848F5 /* CircleButtonView.swift in Sources */ = {isa = PBXBuildFile; fileRef = B913E0DB2AAEDCEE006848F5 /* CircleButtonView.swift */; };
		B913E0DE2AAF141D006848F5 /* CircleButtonAnimationView.swift in Sources */ = {isa = PBXBuildFile; fileRef = B913E0DD2AAF141D006848F5 /* CircleButtonAnimationView.swift */; };
		B913E0E12AB01D85006848F5 /* Coin.swift in Sources */ = {isa = PBXBuildFile; fileRef = B913E0E02AB01D85006848F5 /* Coin.swift */; };
		B913E0E62AB188D4006848F5 /* CoinRowView.swift in Sources */ = {isa = PBXBuildFile; fileRef = B913E0E52AB188D4006848F5 /* CoinRowView.swift */; };
		B913E0E82AB1893E006848F5 /* PreviewProvider.swift in Sources */ = {isa = PBXBuildFile; fileRef = B913E0E72AB1893E006848F5 /* PreviewProvider.swift */; };
		B92843A32AC20A4900F58A18 /* HomeViewModel.swift in Sources */ = {isa = PBXBuildFile; fileRef = B92843A22AC20A4900F58A18 /* HomeViewModel.swift */; };
		B932CB392AC40CDD00E1375E /* CoinDataService.swift in Sources */ = {isa = PBXBuildFile; fileRef = B932CB382AC40CDD00E1375E /* CoinDataService.swift */; };
		B932CB3C2AC5A61D00E1375E /* NetworkingManager.swift in Sources */ = {isa = PBXBuildFile; fileRef = B932CB3B2AC5A61D00E1375E /* NetworkingManager.swift */; };
		B932CB412AC6A0E100E1375E /* CoinImageView.swift in Sources */ = {isa = PBXBuildFile; fileRef = B932CB402AC6A0E100E1375E /* CoinImageView.swift */; };
		B932CB432AC6A10700E1375E /* CoinImageViewModel.swift in Sources */ = {isa = PBXBuildFile; fileRef = B932CB422AC6A10700E1375E /* CoinImageViewModel.swift */; };
		B932CB452AC6A33000E1375E /* CoinImageService.swift in Sources */ = {isa = PBXBuildFile; fileRef = B932CB442AC6A33000E1375E /* CoinImageService.swift */; };
		B98B1E8A2AE10BBF00385F74 /* SearchBarView.swift in Sources */ = {isa = PBXBuildFile; fileRef = B98B1E892AE10BBF00385F74 /* SearchBarView.swift */; };
		B9F923412AB1D23300694A97 /* Double.swift in Sources */ = {isa = PBXBuildFile; fileRef = B9F923402AB1D23300694A97 /* Double.swift */; };
		B9F9D1662AEA627B00B14EFA /* MarketData.swift in Sources */ = {isa = PBXBuildFile; fileRef = B9F9D1652AEA627B00B14EFA /* MarketData.swift */; };
		B9F9D1682AEA64B000B14EFA /* MarketDataService.swift in Sources */ = {isa = PBXBuildFile; fileRef = B9F9D1672AEA64B000B14EFA /* MarketDataService.swift */; };
		B9F9D16A2AF3C44800B14EFA /* PortfolioView.swift in Sources */ = {isa = PBXBuildFile; fileRef = B9F9D1692AF3C44800B14EFA /* PortfolioView.swift */; };
		B9F9D16C2AF3CE4400B14EFA /* XMarkButton.swift in Sources */ = {isa = PBXBuildFile; fileRef = B9F9D16B2AF3CE4400B14EFA /* XMarkButton.swift */; };
		B9F9D16E2AF43B3800B14EFA /* CoinLogoView.swift in Sources */ = {isa = PBXBuildFile; fileRef = B9F9D16D2AF43B3800B14EFA /* CoinLogoView.swift */; };
		B9F9D1712AFA2D8000B14EFA /* PortfolioContainer.xcdatamodeld in Sources */ = {isa = PBXBuildFile; fileRef = B9F9D16F2AFA2D8000B14EFA /* PortfolioContainer.xcdatamodeld */; };
		B9F9D1732AFA2E0E00B14EFA /* PortfolioDataService.swift in Sources */ = {isa = PBXBuildFile; fileRef = B9F9D1722AFA2E0E00B14EFA /* PortfolioDataService.swift */; };
		B9F9D1782AFBD63800B14EFA /* DetailView.swift in Sources */ = {isa = PBXBuildFile; fileRef = B9F9D1772AFBD63800B14EFA /* DetailView.swift */; };
		B9F9D17A2AFBF09A00B14EFA /* NavigationLazyView.swift in Sources */ = {isa = PBXBuildFile; fileRef = B9F9D1792AFBF09A00B14EFA /* NavigationLazyView.swift */; };
/* End PBXBuildFile section */

/* Begin PBXFileReference section */
		B90FF5812AE39B0300A57AF4 /* Statistic.swift */ = {isa = PBXFileReference; lastKnownFileType = sourcecode.swift; path = Statistic.swift; sourceTree = "<group>"; };
		B90FF5832AE3A0BB00A57AF4 /* StatisticView.swift */ = {isa = PBXFileReference; lastKnownFileType = sourcecode.swift; path = StatisticView.swift; sourceTree = "<group>"; };
		B90FF5852AE3A39900A57AF4 /* HomeStatsView.swift */ = {isa = PBXFileReference; lastKnownFileType = sourcecode.swift; path = HomeStatsView.swift; sourceTree = "<group>"; };
		B913E0BF2AAE2312006848F5 /* Crypto.app */ = {isa = PBXFileReference; explicitFileType = wrapper.application; includeInIndex = 0; path = Crypto.app; sourceTree = BUILT_PRODUCTS_DIR; };
		B913E0C22AAE2312006848F5 /* CryptoApp.swift */ = {isa = PBXFileReference; lastKnownFileType = sourcecode.swift; path = CryptoApp.swift; sourceTree = "<group>"; };
		B913E0C42AAE2312006848F5 /* ContentView.swift */ = {isa = PBXFileReference; lastKnownFileType = sourcecode.swift; path = ContentView.swift; sourceTree = "<group>"; };
		B913E0C62AAE2313006848F5 /* Assets.xcassets */ = {isa = PBXFileReference; lastKnownFileType = folder.assetcatalog; path = Assets.xcassets; sourceTree = "<group>"; };
		B913E0C92AAE2313006848F5 /* Preview Assets.xcassets */ = {isa = PBXFileReference; lastKnownFileType = folder.assetcatalog; path = "Preview Assets.xcassets"; sourceTree = "<group>"; };
		B913E0D12AAE254E006848F5 /* Color.swift */ = {isa = PBXFileReference; lastKnownFileType = sourcecode.swift; path = Color.swift; sourceTree = "<group>"; };
		B913E0D72AAEDA48006848F5 /* HomeView.swift */ = {isa = PBXFileReference; lastKnownFileType = sourcecode.swift; path = HomeView.swift; sourceTree = "<group>"; };
		B913E0DB2AAEDCEE006848F5 /* CircleButtonView.swift */ = {isa = PBXFileReference; lastKnownFileType = sourcecode.swift; path = CircleButtonView.swift; sourceTree = "<group>"; };
		B913E0DD2AAF141D006848F5 /* CircleButtonAnimationView.swift */ = {isa = PBXFileReference; lastKnownFileType = sourcecode.swift; path = CircleButtonAnimationView.swift; sourceTree = "<group>"; };
		B913E0E02AB01D85006848F5 /* Coin.swift */ = {isa = PBXFileReference; lastKnownFileType = sourcecode.swift; path = Coin.swift; sourceTree = "<group>"; };
		B913E0E52AB188D4006848F5 /* CoinRowView.swift */ = {isa = PBXFileReference; lastKnownFileType = sourcecode.swift; path = CoinRowView.swift; sourceTree = "<group>"; };
		B913E0E72AB1893E006848F5 /* PreviewProvider.swift */ = {isa = PBXFileReference; lastKnownFileType = sourcecode.swift; path = PreviewProvider.swift; sourceTree = "<group>"; };
		B92843A22AC20A4900F58A18 /* HomeViewModel.swift */ = {isa = PBXFileReference; lastKnownFileType = sourcecode.swift; path = HomeViewModel.swift; sourceTree = "<group>"; };
		B932CB382AC40CDD00E1375E /* CoinDataService.swift */ = {isa = PBXFileReference; lastKnownFileType = sourcecode.swift; path = CoinDataService.swift; sourceTree = "<group>"; };
		B932CB3B2AC5A61D00E1375E /* NetworkingManager.swift */ = {isa = PBXFileReference; lastKnownFileType = sourcecode.swift; path = NetworkingManager.swift; sourceTree = "<group>"; };
		B932CB402AC6A0E100E1375E /* CoinImageView.swift */ = {isa = PBXFileReference; lastKnownFileType = sourcecode.swift; path = CoinImageView.swift; sourceTree = "<group>"; };
		B932CB422AC6A10700E1375E /* CoinImageViewModel.swift */ = {isa = PBXFileReference; lastKnownFileType = sourcecode.swift; path = CoinImageViewModel.swift; sourceTree = "<group>"; };
		B932CB442AC6A33000E1375E /* CoinImageService.swift */ = {isa = PBXFileReference; lastKnownFileType = sourcecode.swift; path = CoinImageService.swift; sourceTree = "<group>"; };
		B98B1E892AE10BBF00385F74 /* SearchBarView.swift */ = {isa = PBXFileReference; lastKnownFileType = sourcecode.swift; path = SearchBarView.swift; sourceTree = "<group>"; };
		B9F923402AB1D23300694A97 /* Double.swift */ = {isa = PBXFileReference; lastKnownFileType = sourcecode.swift; path = Double.swift; sourceTree = "<group>"; };
		B9F9D1652AEA627B00B14EFA /* MarketData.swift */ = {isa = PBXFileReference; lastKnownFileType = sourcecode.swift; path = MarketData.swift; sourceTree = "<group>"; };
		B9F9D1672AEA64B000B14EFA /* MarketDataService.swift */ = {isa = PBXFileReference; lastKnownFileType = sourcecode.swift; path = MarketDataService.swift; sourceTree = "<group>"; };
		B9F9D1692AF3C44800B14EFA /* PortfolioView.swift */ = {isa = PBXFileReference; lastKnownFileType = sourcecode.swift; path = PortfolioView.swift; sourceTree = "<group>"; };
		B9F9D16B2AF3CE4400B14EFA /* XMarkButton.swift */ = {isa = PBXFileReference; lastKnownFileType = sourcecode.swift; path = XMarkButton.swift; sourceTree = "<group>"; };
		B9F9D16D2AF43B3800B14EFA /* CoinLogoView.swift */ = {isa = PBXFileReference; lastKnownFileType = sourcecode.swift; path = CoinLogoView.swift; sourceTree = "<group>"; };
		B9F9D1702AFA2D8000B14EFA /* PortfolioContainer.xcdatamodel */ = {isa = PBXFileReference; lastKnownFileType = wrapper.xcdatamodel; path = PortfolioContainer.xcdatamodel; sourceTree = "<group>"; };
		B9F9D1722AFA2E0E00B14EFA /* PortfolioDataService.swift */ = {isa = PBXFileReference; lastKnownFileType = sourcecode.swift; path = PortfolioDataService.swift; sourceTree = "<group>"; };
		B9F9D1772AFBD63800B14EFA /* DetailView.swift */ = {isa = PBXFileReference; lastKnownFileType = sourcecode.swift; path = DetailView.swift; sourceTree = "<group>"; };
		B9F9D1792AFBF09A00B14EFA /* NavigationLazyView.swift */ = {isa = PBXFileReference; lastKnownFileType = sourcecode.swift; path = NavigationLazyView.swift; sourceTree = "<group>"; };
/* End PBXFileReference section */

/* Begin PBXFrameworksBuildPhase section */
		B913E0BC2AAE2312006848F5 /* Frameworks */ = {
			isa = PBXFrameworksBuildPhase;
			buildActionMask = 2147483647;
			files = (
			);
			runOnlyForDeploymentPostprocessing = 0;
		};
/* End PBXFrameworksBuildPhase section */

/* Begin PBXGroup section */
		B913E0B62AAE2312006848F5 = {
			isa = PBXGroup;
			children = (
				B913E0C12AAE2312006848F5 /* Crypto */,
				B913E0C02AAE2312006848F5 /* Products */,
			);
			sourceTree = "<group>";
		};
		B913E0C02AAE2312006848F5 /* Products */ = {
			isa = PBXGroup;
			children = (
				B913E0BF2AAE2312006848F5 /* Crypto.app */,
			);
			name = Products;
			sourceTree = "<group>";
		};
		B913E0C12AAE2312006848F5 /* Crypto */ = {
			isa = PBXGroup;
			children = (
				B913E0C22AAE2312006848F5 /* CryptoApp.swift */,
				B932CB3A2AC5A61300E1375E /* Utilities */,
				B913E0D02AAE2537006848F5 /* Extensions */,
				B932CB372AC40CB600E1375E /* Services */,
				B913E0DF2AB01D6D006848F5 /* Models */,
				B913E0D32AAEDA0A006848F5 /* Core */,
				B913E0C42AAE2312006848F5 /* ContentView.swift */,
				B913E0C62AAE2313006848F5 /* Assets.xcassets */,
				B913E0C82AAE2313006848F5 /* Preview Content */,
			);
			path = Crypto;
			sourceTree = "<group>";
		};
		B913E0C82AAE2313006848F5 /* Preview Content */ = {
			isa = PBXGroup;
			children = (
				B913E0C92AAE2313006848F5 /* Preview Assets.xcassets */,
			);
			path = "Preview Content";
			sourceTree = "<group>";
		};
		B913E0D02AAE2537006848F5 /* Extensions */ = {
			isa = PBXGroup;
			children = (
				B913E0D12AAE254E006848F5 /* Color.swift */,
				B913E0E72AB1893E006848F5 /* PreviewProvider.swift */,
				B9F923402AB1D23300694A97 /* Double.swift */,
			);
			path = Extensions;
			sourceTree = "<group>";
		};
		B913E0D32AAEDA0A006848F5 /* Core */ = {
			isa = PBXGroup;
			children = (
				B913E0D92AAEDCCD006848F5 /* Components */,
				B913E0D42AAEDA1B006848F5 /* Home */,
				B9F9D1742AFBD60100B14EFA /* Detail */,
			);
			path = Core;
			sourceTree = "<group>";
		};
		B913E0D42AAEDA1B006848F5 /* Home */ = {
			isa = PBXGroup;
			children = (
				B9F9233F2AB1A2BB00694A97 /* ViewModels */,
				B913E0D52AAEDA2F006848F5 /* Views */,
				B9F9D1792AFBF09A00B14EFA /* NavigationLazyView.swift */,
			);
			path = Home;
			sourceTree = "<group>";
		};
		B913E0D52AAEDA2F006848F5 /* Views */ = {
			isa = PBXGroup;
			children = (
				B913E0D72AAEDA48006848F5 /* HomeView.swift */,
				B90FF5852AE3A39900A57AF4 /* HomeStatsView.swift */,
				B913E0E52AB188D4006848F5 /* CoinRowView.swift */,
				B9F9D1692AF3C44800B14EFA /* PortfolioView.swift */,
			);
			path = Views;
			sourceTree = "<group>";
		};
		B913E0D92AAEDCCD006848F5 /* Components */ = {
			isa = PBXGroup;
			children = (
				B932CB3D2AC6A0C300E1375E /* CoinImage */,
				B913E0DA2AAEDCE2006848F5 /* CircleButton */,
				B98B1E892AE10BBF00385F74 /* SearchBarView.swift */,
				B90FF5832AE3A0BB00A57AF4 /* StatisticView.swift */,
				B9F9D16B2AF3CE4400B14EFA /* XMarkButton.swift */,
			);
			path = Components;
			sourceTree = "<group>";
		};
		B913E0DA2AAEDCE2006848F5 /* CircleButton */ = {
			isa = PBXGroup;
			children = (
				B913E0DB2AAEDCEE006848F5 /* CircleButtonView.swift */,
				B913E0DD2AAF141D006848F5 /* CircleButtonAnimationView.swift */,
			);
			path = CircleButton;
			sourceTree = "<group>";
		};
		B913E0DF2AB01D6D006848F5 /* Models */ = {
			isa = PBXGroup;
			children = (
				B913E0E02AB01D85006848F5 /* Coin.swift */,
				B90FF5812AE39B0300A57AF4 /* Statistic.swift */,
				B9F9D1652AEA627B00B14EFA /* MarketData.swift */,
				B9F9D16F2AFA2D8000B14EFA /* PortfolioContainer.xcdatamodeld */,
			);
			path = Models;
			sourceTree = "<group>";
		};
		B932CB372AC40CB600E1375E /* Services */ = {
			isa = PBXGroup;
			children = (
				B932CB382AC40CDD00E1375E /* CoinDataService.swift */,
				B932CB442AC6A33000E1375E /* CoinImageService.swift */,
				B9F9D1672AEA64B000B14EFA /* MarketDataService.swift */,
				B9F9D1722AFA2E0E00B14EFA /* PortfolioDataService.swift */,
			);
			path = Services;
			sourceTree = "<group>";
		};
		B932CB3A2AC5A61300E1375E /* Utilities */ = {
			isa = PBXGroup;
			children = (
				B932CB3B2AC5A61D00E1375E /* NetworkingManager.swift */,
			);
			path = Utilities;
			sourceTree = "<group>";
		};
		B932CB3D2AC6A0C300E1375E /* CoinImage */ = {
			isa = PBXGroup;
			children = (
				B932CB402AC6A0E100E1375E /* CoinImageView.swift */,
				B9F9D16D2AF43B3800B14EFA /* CoinLogoView.swift */,
			);
			path = CoinImage;
			sourceTree = "<group>";
		};
		B9F9233F2AB1A2BB00694A97 /* ViewModels */ = {
			isa = PBXGroup;
			children = (
				B92843A22AC20A4900F58A18 /* HomeViewModel.swift */,
				B932CB422AC6A10700E1375E /* CoinImageViewModel.swift */,
			);
			path = ViewModels;
			sourceTree = "<group>";
		};
		B9F9D1742AFBD60100B14EFA /* Detail */ = {
			isa = PBXGroup;
			children = (
				B9F9D1752AFBD61B00B14EFA /* ViewModels */,
				B9F9D1762AFBD62200B14EFA /* Views */,
			);
			path = Detail;
			sourceTree = "<group>";
		};
		B9F9D1752AFBD61B00B14EFA /* ViewModels */ = {
			isa = PBXGroup;
			children = (
			);
			path = ViewModels;
			sourceTree = "<group>";
		};
		B9F9D1762AFBD62200B14EFA /* Views */ = {
			isa = PBXGroup;
			children = (
				B9F9D1772AFBD63800B14EFA /* DetailView.swift */,
			);
			path = Views;
			sourceTree = "<group>";
		};
/* End PBXGroup section */

/* Begin PBXNativeTarget section */
		B913E0BE2AAE2312006848F5 /* Crypto */ = {
			isa = PBXNativeTarget;
			buildConfigurationList = B913E0CD2AAE2313006848F5 /* Build configuration list for PBXNativeTarget "Crypto" */;
			buildPhases = (
				B913E0BB2AAE2312006848F5 /* Sources */,
				B913E0BC2AAE2312006848F5 /* Frameworks */,
				B913E0BD2AAE2312006848F5 /* Resources */,
			);
			buildRules = (
			);
			dependencies = (
			);
			name = Crypto;
			productName = Crypto;
			productReference = B913E0BF2AAE2312006848F5 /* Crypto.app */;
			productType = "com.apple.product-type.application";
		};
/* End PBXNativeTarget section */

/* Begin PBXProject section */
		B913E0B72AAE2312006848F5 /* Project object */ = {
			isa = PBXProject;
			attributes = {
				BuildIndependentTargetsInParallel = 1;
				LastSwiftUpdateCheck = 1430;
				LastUpgradeCheck = 1430;
				TargetAttributes = {
					B913E0BE2AAE2312006848F5 = {
						CreatedOnToolsVersion = 14.3.1;
					};
				};
			};
			buildConfigurationList = B913E0BA2AAE2312006848F5 /* Build configuration list for PBXProject "Crypto" */;
			compatibilityVersion = "Xcode 14.0";
			developmentRegion = en;
			hasScannedForEncodings = 0;
			knownRegions = (
				en,
				Base,
			);
			mainGroup = B913E0B62AAE2312006848F5;
			productRefGroup = B913E0C02AAE2312006848F5 /* Products */;
			projectDirPath = "";
			projectRoot = "";
			targets = (
				B913E0BE2AAE2312006848F5 /* Crypto */,
			);
		};
/* End PBXProject section */

/* Begin PBXResourcesBuildPhase section */
		B913E0BD2AAE2312006848F5 /* Resources */ = {
			isa = PBXResourcesBuildPhase;
			buildActionMask = 2147483647;
			files = (
				B913E0CA2AAE2313006848F5 /* Preview Assets.xcassets in Resources */,
				B913E0C72AAE2313006848F5 /* Assets.xcassets in Resources */,
			);
			runOnlyForDeploymentPostprocessing = 0;
		};
/* End PBXResourcesBuildPhase section */

/* Begin PBXSourcesBuildPhase section */
		B913E0BB2AAE2312006848F5 /* Sources */ = {
			isa = PBXSourcesBuildPhase;
			buildActionMask = 2147483647;
			files = (
				B90FF5822AE39B0300A57AF4 /* Statistic.swift in Sources */,
				B9F9D1732AFA2E0E00B14EFA /* PortfolioDataService.swift in Sources */,
				B9F9D16E2AF43B3800B14EFA /* CoinLogoView.swift in Sources */,
				B932CB432AC6A10700E1375E /* CoinImageViewModel.swift in Sources */,
				B932CB392AC40CDD00E1375E /* CoinDataService.swift in Sources */,
				B913E0E62AB188D4006848F5 /* CoinRowView.swift in Sources */,
				B913E0C52AAE2312006848F5 /* ContentView.swift in Sources */,
				B9F9D1662AEA627B00B14EFA /* MarketData.swift in Sources */,
				B913E0D82AAEDA48006848F5 /* HomeView.swift in Sources */,
				B913E0C32AAE2312006848F5 /* CryptoApp.swift in Sources */,
				B932CB412AC6A0E100E1375E /* CoinImageView.swift in Sources */,
				B913E0DC2AAEDCEE006848F5 /* CircleButtonView.swift in Sources */,
				B90FF5862AE3A39900A57AF4 /* HomeStatsView.swift in Sources */,
				B9F9D16C2AF3CE4400B14EFA /* XMarkButton.swift in Sources */,
				B913E0D22AAE254E006848F5 /* Color.swift in Sources */,
				B913E0DE2AAF141D006848F5 /* CircleButtonAnimationView.swift in Sources */,
				B932CB3C2AC5A61D00E1375E /* NetworkingManager.swift in Sources */,
				B92843A32AC20A4900F58A18 /* HomeViewModel.swift in Sources */,
				B90FF5842AE3A0BB00A57AF4 /* StatisticView.swift in Sources */,
				B9F9D16A2AF3C44800B14EFA /* PortfolioView.swift in Sources */,
				B913E0E82AB1893E006848F5 /* PreviewProvider.swift in Sources */,
				B9F9D1682AEA64B000B14EFA /* MarketDataService.swift in Sources */,
				B9F9D1782AFBD63800B14EFA /* DetailView.swift in Sources */,
				B9F9D17A2AFBF09A00B14EFA /* NavigationLazyView.swift in Sources */,
				B9F923412AB1D23300694A97 /* Double.swift in Sources */,
				B9F9D1712AFA2D8000B14EFA /* PortfolioContainer.xcdatamodeld in Sources */,
				B932CB452AC6A33000E1375E /* CoinImageService.swift in Sources */,
				B98B1E8A2AE10BBF00385F74 /* SearchBarView.swift in Sources */,
				B913E0E12AB01D85006848F5 /* Coin.swift in Sources */,
			);
			runOnlyForDeploymentPostprocessing = 0;
		};
/* End PBXSourcesBuildPhase section */

/* Begin XCBuildConfiguration section */
		B913E0CB2AAE2313006848F5 /* Debug */ = {
			isa = XCBuildConfiguration;
			buildSettings = {
				ALWAYS_SEARCH_USER_PATHS = NO;
				CLANG_ANALYZER_NONNULL = YES;
				CLANG_ANALYZER_NUMBER_OBJECT_CONVERSION = YES_AGGRESSIVE;
				CLANG_CXX_LANGUAGE_STANDARD = "gnu++20";
				CLANG_ENABLE_MODULES = YES;
				CLANG_ENABLE_OBJC_ARC = YES;
				CLANG_ENABLE_OBJC_WEAK = YES;
				CLANG_WARN_BLOCK_CAPTURE_AUTORELEASING = YES;
				CLANG_WARN_BOOL_CONVERSION = YES;
				CLANG_WARN_COMMA = YES;
				CLANG_WARN_CONSTANT_CONVERSION = YES;
				CLANG_WARN_DEPRECATED_OBJC_IMPLEMENTATIONS = YES;
				CLANG_WARN_DIRECT_OBJC_ISA_USAGE = YES_ERROR;
				CLANG_WARN_DOCUMENTATION_COMMENTS = YES;
				CLANG_WARN_EMPTY_BODY = YES;
				CLANG_WARN_ENUM_CONVERSION = YES;
				CLANG_WARN_INFINITE_RECURSION = YES;
				CLANG_WARN_INT_CONVERSION = YES;
				CLANG_WARN_NON_LITERAL_NULL_CONVERSION = YES;
				CLANG_WARN_OBJC_IMPLICIT_RETAIN_SELF = YES;
				CLANG_WARN_OBJC_LITERAL_CONVERSION = YES;
				CLANG_WARN_OBJC_ROOT_CLASS = YES_ERROR;
				CLANG_WARN_QUOTED_INCLUDE_IN_FRAMEWORK_HEADER = YES;
				CLANG_WARN_RANGE_LOOP_ANALYSIS = YES;
				CLANG_WARN_STRICT_PROTOTYPES = YES;
				CLANG_WARN_SUSPICIOUS_MOVE = YES;
				CLANG_WARN_UNGUARDED_AVAILABILITY = YES_AGGRESSIVE;
				CLANG_WARN_UNREACHABLE_CODE = YES;
				CLANG_WARN__DUPLICATE_METHOD_MATCH = YES;
				COPY_PHASE_STRIP = NO;
				DEBUG_INFORMATION_FORMAT = dwarf;
				ENABLE_STRICT_OBJC_MSGSEND = YES;
				ENABLE_TESTABILITY = YES;
				GCC_C_LANGUAGE_STANDARD = gnu11;
				GCC_DYNAMIC_NO_PIC = NO;
				GCC_NO_COMMON_BLOCKS = YES;
				GCC_OPTIMIZATION_LEVEL = 0;
				GCC_PREPROCESSOR_DEFINITIONS = (
					"DEBUG=1",
					"$(inherited)",
				);
				GCC_WARN_64_TO_32_BIT_CONVERSION = YES;
				GCC_WARN_ABOUT_RETURN_TYPE = YES_ERROR;
				GCC_WARN_UNDECLARED_SELECTOR = YES;
				GCC_WARN_UNINITIALIZED_AUTOS = YES_AGGRESSIVE;
				GCC_WARN_UNUSED_FUNCTION = YES;
				GCC_WARN_UNUSED_VARIABLE = YES;
				IPHONEOS_DEPLOYMENT_TARGET = 16.4;
				MTL_ENABLE_DEBUG_INFO = INCLUDE_SOURCE;
				MTL_FAST_MATH = YES;
				ONLY_ACTIVE_ARCH = YES;
				SDKROOT = iphoneos;
				SWIFT_ACTIVE_COMPILATION_CONDITIONS = DEBUG;
				SWIFT_OPTIMIZATION_LEVEL = "-Onone";
			};
			name = Debug;
		};
		B913E0CC2AAE2313006848F5 /* Release */ = {
			isa = XCBuildConfiguration;
			buildSettings = {
				ALWAYS_SEARCH_USER_PATHS = NO;
				CLANG_ANALYZER_NONNULL = YES;
				CLANG_ANALYZER_NUMBER_OBJECT_CONVERSION = YES_AGGRESSIVE;
				CLANG_CXX_LANGUAGE_STANDARD = "gnu++20";
				CLANG_ENABLE_MODULES = YES;
				CLANG_ENABLE_OBJC_ARC = YES;
				CLANG_ENABLE_OBJC_WEAK = YES;
				CLANG_WARN_BLOCK_CAPTURE_AUTORELEASING = YES;
				CLANG_WARN_BOOL_CONVERSION = YES;
				CLANG_WARN_COMMA = YES;
				CLANG_WARN_CONSTANT_CONVERSION = YES;
				CLANG_WARN_DEPRECATED_OBJC_IMPLEMENTATIONS = YES;
				CLANG_WARN_DIRECT_OBJC_ISA_USAGE = YES_ERROR;
				CLANG_WARN_DOCUMENTATION_COMMENTS = YES;
				CLANG_WARN_EMPTY_BODY = YES;
				CLANG_WARN_ENUM_CONVERSION = YES;
				CLANG_WARN_INFINITE_RECURSION = YES;
				CLANG_WARN_INT_CONVERSION = YES;
				CLANG_WARN_NON_LITERAL_NULL_CONVERSION = YES;
				CLANG_WARN_OBJC_IMPLICIT_RETAIN_SELF = YES;
				CLANG_WARN_OBJC_LITERAL_CONVERSION = YES;
				CLANG_WARN_OBJC_ROOT_CLASS = YES_ERROR;
				CLANG_WARN_QUOTED_INCLUDE_IN_FRAMEWORK_HEADER = YES;
				CLANG_WARN_RANGE_LOOP_ANALYSIS = YES;
				CLANG_WARN_STRICT_PROTOTYPES = YES;
				CLANG_WARN_SUSPICIOUS_MOVE = YES;
				CLANG_WARN_UNGUARDED_AVAILABILITY = YES_AGGRESSIVE;
				CLANG_WARN_UNREACHABLE_CODE = YES;
				CLANG_WARN__DUPLICATE_METHOD_MATCH = YES;
				COPY_PHASE_STRIP = NO;
				DEBUG_INFORMATION_FORMAT = "dwarf-with-dsym";
				ENABLE_NS_ASSERTIONS = NO;
				ENABLE_STRICT_OBJC_MSGSEND = YES;
				GCC_C_LANGUAGE_STANDARD = gnu11;
				GCC_NO_COMMON_BLOCKS = YES;
				GCC_WARN_64_TO_32_BIT_CONVERSION = YES;
				GCC_WARN_ABOUT_RETURN_TYPE = YES_ERROR;
				GCC_WARN_UNDECLARED_SELECTOR = YES;
				GCC_WARN_UNINITIALIZED_AUTOS = YES_AGGRESSIVE;
				GCC_WARN_UNUSED_FUNCTION = YES;
				GCC_WARN_UNUSED_VARIABLE = YES;
				IPHONEOS_DEPLOYMENT_TARGET = 16.4;
				MTL_ENABLE_DEBUG_INFO = NO;
				MTL_FAST_MATH = YES;
				SDKROOT = iphoneos;
				SWIFT_COMPILATION_MODE = wholemodule;
				SWIFT_OPTIMIZATION_LEVEL = "-O";
				VALIDATE_PRODUCT = YES;
			};
			name = Release;
		};
		B913E0CE2AAE2313006848F5 /* Debug */ = {
			isa = XCBuildConfiguration;
			buildSettings = {
				ASSETCATALOG_COMPILER_APPICON_NAME = AppIcon;
				ASSETCATALOG_COMPILER_GLOBAL_ACCENT_COLOR_NAME = AccentColor;
				CODE_SIGN_STYLE = Automatic;
				CURRENT_PROJECT_VERSION = 1;
				DEVELOPMENT_ASSET_PATHS = "\"Crypto/Preview Content\"";
				DEVELOPMENT_TEAM = ETARS989MB;
				ENABLE_PREVIEWS = YES;
				GENERATE_INFOPLIST_FILE = YES;
				INFOPLIST_KEY_CFBundleDisplayName = "Crypto Tracker";
				INFOPLIST_KEY_UIApplicationSceneManifest_Generation = YES;
				INFOPLIST_KEY_UIApplicationSupportsIndirectInputEvents = YES;
				INFOPLIST_KEY_UILaunchScreen_Generation = YES;
				INFOPLIST_KEY_UISupportedInterfaceOrientations_iPad = "UIInterfaceOrientationPortrait UIInterfaceOrientationPortraitUpsideDown UIInterfaceOrientationLandscapeLeft UIInterfaceOrientationLandscapeRight";
				INFOPLIST_KEY_UISupportedInterfaceOrientations_iPhone = "UIInterfaceOrientationPortrait UIInterfaceOrientationLandscapeLeft UIInterfaceOrientationLandscapeRight";
				IPHONEOS_DEPLOYMENT_TARGET = 17.0;
				LD_RUNPATH_SEARCH_PATHS = (
					"$(inherited)",
					"@executable_path/Frameworks",
				);
				MARKETING_VERSION = 1.0;
				PRODUCT_BUNDLE_IDENTIFIER = com.karalarbaris.Crypto;
				PRODUCT_NAME = "$(TARGET_NAME)";
				SUPPORTED_PLATFORMS = "iphoneos iphonesimulator";
				SUPPORTS_MACCATALYST = NO;
				SUPPORTS_MAC_DESIGNED_FOR_IPHONE_IPAD = NO;
				SWIFT_EMIT_LOC_STRINGS = YES;
				SWIFT_VERSION = 5.0;
				TARGETED_DEVICE_FAMILY = "1,2";
			};
			name = Debug;
		};
		B913E0CF2AAE2313006848F5 /* Release */ = {
			isa = XCBuildConfiguration;
			buildSettings = {
				ASSETCATALOG_COMPILER_APPICON_NAME = AppIcon;
				ASSETCATALOG_COMPILER_GLOBAL_ACCENT_COLOR_NAME = AccentColor;
				CODE_SIGN_STYLE = Automatic;
				CURRENT_PROJECT_VERSION = 1;
				DEVELOPMENT_ASSET_PATHS = "\"Crypto/Preview Content\"";
				DEVELOPMENT_TEAM = ETARS989MB;
				ENABLE_PREVIEWS = YES;
				GENERATE_INFOPLIST_FILE = YES;
				INFOPLIST_KEY_CFBundleDisplayName = "Crypto Tracker";
				INFOPLIST_KEY_UIApplicationSceneManifest_Generation = YES;
				INFOPLIST_KEY_UIApplicationSupportsIndirectInputEvents = YES;
				INFOPLIST_KEY_UILaunchScreen_Generation = YES;
				INFOPLIST_KEY_UISupportedInterfaceOrientations_iPad = "UIInterfaceOrientationPortrait UIInterfaceOrientationPortraitUpsideDown UIInterfaceOrientationLandscapeLeft UIInterfaceOrientationLandscapeRight";
				INFOPLIST_KEY_UISupportedInterfaceOrientations_iPhone = "UIInterfaceOrientationPortrait UIInterfaceOrientationLandscapeLeft UIInterfaceOrientationLandscapeRight";
				IPHONEOS_DEPLOYMENT_TARGET = 17.0;
				LD_RUNPATH_SEARCH_PATHS = (
					"$(inherited)",
					"@executable_path/Frameworks",
				);
				MARKETING_VERSION = 1.0;
				PRODUCT_BUNDLE_IDENTIFIER = com.karalarbaris.Crypto;
				PRODUCT_NAME = "$(TARGET_NAME)";
				SUPPORTED_PLATFORMS = "iphoneos iphonesimulator";
				SUPPORTS_MACCATALYST = NO;
				SUPPORTS_MAC_DESIGNED_FOR_IPHONE_IPAD = NO;
				SWIFT_EMIT_LOC_STRINGS = YES;
				SWIFT_VERSION = 5.0;
				TARGETED_DEVICE_FAMILY = "1,2";
			};
			name = Release;
		};
/* End XCBuildConfiguration section */

/* Begin XCConfigurationList section */
		B913E0BA2AAE2312006848F5 /* Build configuration list for PBXProject "Crypto" */ = {
			isa = XCConfigurationList;
			buildConfigurations = (
				B913E0CB2AAE2313006848F5 /* Debug */,
				B913E0CC2AAE2313006848F5 /* Release */,
			);
			defaultConfigurationIsVisible = 0;
			defaultConfigurationName = Release;
		};
		B913E0CD2AAE2313006848F5 /* Build configuration list for PBXNativeTarget "Crypto" */ = {
			isa = XCConfigurationList;
			buildConfigurations = (
				B913E0CE2AAE2313006848F5 /* Debug */,
				B913E0CF2AAE2313006848F5 /* Release */,
			);
			defaultConfigurationIsVisible = 0;
			defaultConfigurationName = Release;
		};
/* End XCConfigurationList section */

/* Begin XCVersionGroup section */
		B9F9D16F2AFA2D8000B14EFA /* PortfolioContainer.xcdatamodeld */ = {
			isa = XCVersionGroup;
			children = (
				B9F9D1702AFA2D8000B14EFA /* PortfolioContainer.xcdatamodel */,
			);
			currentVersion = B9F9D1702AFA2D8000B14EFA /* PortfolioContainer.xcdatamodel */;
			path = PortfolioContainer.xcdatamodeld;
			sourceTree = "<group>";
			versionGroupType = wrapper.xcdatamodel;
		};
/* End XCVersionGroup section */
	};
	rootObject = B913E0B72AAE2312006848F5 /* Project object */;
}
